// !$*UTF8*$!
{
	archiveVersion = 1;
	classes = {
	};
	objectVersion = 56;
	objects = {

/* Begin PBXBuildFile section */
		1710D2282A826E5800B59A41 /* EldersDependencyKit.swift in Sources */ = {isa = PBXBuildFile; fileRef = 1710D2272A826E5800B59A41 /* EldersDependencyKit.swift */; };
		1710D2352A83733100B59A41 /* EldersDependencyKitTests.swift in Sources */ = {isa = PBXBuildFile; fileRef = 1710D2342A83733100B59A41 /* EldersDependencyKitTests.swift */; };
		1710D2362A83733100B59A41 /* libEldersDependencyKit.a in Frameworks */ = {isa = PBXBuildFile; fileRef = 1710D2242A826E5800B59A41 /* libEldersDependencyKit.a */; platformFilter = ios; };
		1710D23C2A837A1A00B59A41 /* EldersDependencyKit.swift in Sources */ = {isa = PBXBuildFile; fileRef = 1710D2272A826E5800B59A41 /* EldersDependencyKit.swift */; };
/* End PBXBuildFile section */

/* Begin PBXContainerItemProxy section */
		1710D2372A83733100B59A41 /* PBXContainerItemProxy */ = {
			isa = PBXContainerItemProxy;
			containerPortal = 1710D21C2A826E5800B59A41 /* Project object */;
			proxyType = 1;
			remoteGlobalIDString = 1710D2232A826E5800B59A41;
			remoteInfo = EldersDependencyKit;
		};
/* End PBXContainerItemProxy section */

/* Begin PBXCopyFilesBuildPhase section */
		1710D2222A826E5800B59A41 /* CopyFiles */ = {
			isa = PBXCopyFilesBuildPhase;
			buildActionMask = 2147483647;
			dstPath = "include/$(PRODUCT_NAME)";
			dstSubfolderSpec = 16;
			files = (
			);
			runOnlyForDeploymentPostprocessing = 0;
		};
/* End PBXCopyFilesBuildPhase section */

/* Begin PBXFileReference section */
		1710D2242A826E5800B59A41 /* libEldersDependencyKit.a */ = {isa = PBXFileReference; explicitFileType = archive.ar; includeInIndex = 0; path = libEldersDependencyKit.a; sourceTree = BUILT_PRODUCTS_DIR; };
		1710D2272A826E5800B59A41 /* EldersDependencyKit.swift */ = {isa = PBXFileReference; lastKnownFileType = sourcecode.swift; path = EldersDependencyKit.swift; sourceTree = "<group>"; };
		1710D2322A83733100B59A41 /* EldersDependencyKitTests.xctest */ = {isa = PBXFileReference; explicitFileType = wrapper.cfbundle; includeInIndex = 0; path = EldersDependencyKitTests.xctest; sourceTree = BUILT_PRODUCTS_DIR; };
		1710D2342A83733100B59A41 /* EldersDependencyKitTests.swift */ = {isa = PBXFileReference; lastKnownFileType = sourcecode.swift; path = EldersDependencyKitTests.swift; sourceTree = "<group>"; };
/* End PBXFileReference section */

/* Begin PBXFrameworksBuildPhase section */
		1710D2212A826E5800B59A41 /* Frameworks */ = {
			isa = PBXFrameworksBuildPhase;
			buildActionMask = 2147483647;
			files = (
			);
			runOnlyForDeploymentPostprocessing = 0;
		};
		1710D22F2A83733100B59A41 /* Frameworks */ = {
			isa = PBXFrameworksBuildPhase;
			buildActionMask = 2147483647;
			files = (
				1710D2362A83733100B59A41 /* libEldersDependencyKit.a in Frameworks */,
			);
			runOnlyForDeploymentPostprocessing = 0;
		};
/* End PBXFrameworksBuildPhase section */

/* Begin PBXGroup section */
		1710D21B2A826E5800B59A41 = {
			isa = PBXGroup;
			children = (
				1710D2262A826E5800B59A41 /* EldersDependencyKit */,
				1710D2332A83733100B59A41 /* EldersDependencyKitTests */,
				1710D2252A826E5800B59A41 /* Products */,
			);
			sourceTree = "<group>";
		};
		1710D2252A826E5800B59A41 /* Products */ = {
			isa = PBXGroup;
			children = (
				1710D2242A826E5800B59A41 /* libEldersDependencyKit.a */,
				1710D2322A83733100B59A41 /* EldersDependencyKitTests.xctest */,
			);
			name = Products;
			sourceTree = "<group>";
		};
		1710D2262A826E5800B59A41 /* EldersDependencyKit */ = {
			isa = PBXGroup;
			children = (
				1710D2272A826E5800B59A41 /* EldersDependencyKit.swift */,
			);
			path = EldersDependencyKit;
			sourceTree = "<group>";
		};
		1710D2332A83733100B59A41 /* EldersDependencyKitTests */ = {
			isa = PBXGroup;
			children = (
				1710D2342A83733100B59A41 /* EldersDependencyKitTests.swift */,
			);
			path = EldersDependencyKitTests;
			sourceTree = "<group>";
		};
/* End PBXGroup section */

/* Begin PBXNativeTarget section */
		1710D2232A826E5800B59A41 /* EldersDependencyKit */ = {
			isa = PBXNativeTarget;
			buildConfigurationList = 1710D22B2A826E5800B59A41 /* Build configuration list for PBXNativeTarget "EldersDependencyKit" */;
			buildPhases = (
				1710D2202A826E5800B59A41 /* Sources */,
				1710D2212A826E5800B59A41 /* Frameworks */,
				1710D2222A826E5800B59A41 /* CopyFiles */,
			);
			buildRules = (
			);
			dependencies = (
			);
			name = EldersDependencyKit;
			productName = EldersDependencyKit;
			productReference = 1710D2242A826E5800B59A41 /* libEldersDependencyKit.a */;
			productType = "com.apple.product-type.library.static";
		};
		1710D2312A83733100B59A41 /* EldersDependencyKitTests */ = {
			isa = PBXNativeTarget;
			buildConfigurationList = 1710D2392A83733100B59A41 /* Build configuration list for PBXNativeTarget "EldersDependencyKitTests" */;
			buildPhases = (
				1710D22E2A83733100B59A41 /* Sources */,
				1710D22F2A83733100B59A41 /* Frameworks */,
				1710D2302A83733100B59A41 /* Resources */,
			);
			buildRules = (
			);
			dependencies = (
				1710D2382A83733100B59A41 /* PBXTargetDependency */,
			);
			name = EldersDependencyKitTests;
			productName = EldersDependencyKitTests;
			productReference = 1710D2322A83733100B59A41 /* EldersDependencyKitTests.xctest */;
			productType = "com.apple.product-type.bundle.unit-test";
		};
/* End PBXNativeTarget section */

/* Begin PBXProject section */
		1710D21C2A826E5800B59A41 /* Project object */ = {
			isa = PBXProject;
			attributes = {
				BuildIndependentTargetsInParallel = 1;
				LastSwiftUpdateCheck = 1430;
				LastUpgradeCheck = 1430;
				TargetAttributes = {
					1710D2232A826E5800B59A41 = {
						CreatedOnToolsVersion = 14.3.1;
					};
					1710D2312A83733100B59A41 = {
						CreatedOnToolsVersion = 14.3.1;
					};
				};
			};
			buildConfigurationList = 1710D21F2A826E5800B59A41 /* Build configuration list for PBXProject "EldersDependencyKit" */;
			compatibilityVersion = "Xcode 14.0";
			developmentRegion = en;
			hasScannedForEncodings = 0;
			knownRegions = (
				en,
				Base,
			);
			mainGroup = 1710D21B2A826E5800B59A41;
			productRefGroup = 1710D2252A826E5800B59A41 /* Products */;
			projectDirPath = "";
			projectRoot = "";
			targets = (
				1710D2232A826E5800B59A41 /* EldersDependencyKit */,
				1710D2312A83733100B59A41 /* EldersDependencyKitTests */,
			);
		};
/* End PBXProject section */

/* Begin PBXResourcesBuildPhase section */
		1710D2302A83733100B59A41 /* Resources */ = {
			isa = PBXResourcesBuildPhase;
			buildActionMask = 2147483647;
			files = (
			);
			runOnlyForDeploymentPostprocessing = 0;
		};
/* End PBXResourcesBuildPhase section */

/* Begin PBXSourcesBuildPhase section */
		1710D2202A826E5800B59A41 /* Sources */ = {
			isa = PBXSourcesBuildPhase;
			buildActionMask = 2147483647;
			files = (
				1710D2282A826E5800B59A41 /* EldersDependencyKit.swift in Sources */,
			);
			runOnlyForDeploymentPostprocessing = 0;
		};
		1710D22E2A83733100B59A41 /* Sources */ = {
			isa = PBXSourcesBuildPhase;
			buildActionMask = 2147483647;
			files = (
				1710D23C2A837A1A00B59A41 /* EldersDependencyKit.swift in Sources */,
				1710D2352A83733100B59A41 /* EldersDependencyKitTests.swift in Sources */,
			);
			runOnlyForDeploymentPostprocessing = 0;
		};
/* End PBXSourcesBuildPhase section */

/* Begin PBXTargetDependency section */
		1710D2382A83733100B59A41 /* PBXTargetDependency */ = {
			isa = PBXTargetDependency;
			platformFilter = ios;
			target = 1710D2232A826E5800B59A41 /* EldersDependencyKit */;
			targetProxy = 1710D2372A83733100B59A41 /* PBXContainerItemProxy */;
		};
/* End PBXTargetDependency section */

/* Begin XCBuildConfiguration section */
		1710D2292A826E5800B59A41 /* Debug */ = {
			isa = XCBuildConfiguration;
			buildSettings = {
				ALWAYS_SEARCH_USER_PATHS = NO;
				CLANG_ANALYZER_NONNULL = YES;
				CLANG_ANALYZER_NUMBER_OBJECT_CONVERSION = YES_AGGRESSIVE;
				CLANG_CXX_LANGUAGE_STANDARD = "gnu++20";
				CLANG_ENABLE_MODULES = YES;
				CLANG_ENABLE_OBJC_ARC = YES;
				CLANG_ENABLE_OBJC_WEAK = YES;
				CLANG_WARN_BLOCK_CAPTURE_AUTORELEASING = YES;
				CLANG_WARN_BOOL_CONVERSION = YES;
				CLANG_WARN_COMMA = YES;
				CLANG_WARN_CONSTANT_CONVERSION = YES;
				CLANG_WARN_DEPRECATED_OBJC_IMPLEMENTATIONS = YES;
				CLANG_WARN_DIRECT_OBJC_ISA_USAGE = YES_ERROR;
				CLANG_WARN_DOCUMENTATION_COMMENTS = YES;
				CLANG_WARN_EMPTY_BODY = YES;
				CLANG_WARN_ENUM_CONVERSION = YES;
				CLANG_WARN_INFINITE_RECURSION = YES;
				CLANG_WARN_INT_CONVERSION = YES;
				CLANG_WARN_NON_LITERAL_NULL_CONVERSION = YES;
				CLANG_WARN_OBJC_IMPLICIT_RETAIN_SELF = YES;
				CLANG_WARN_OBJC_LITERAL_CONVERSION = YES;
				CLANG_WARN_OBJC_ROOT_CLASS = YES_ERROR;
				CLANG_WARN_QUOTED_INCLUDE_IN_FRAMEWORK_HEADER = YES;
				CLANG_WARN_RANGE_LOOP_ANALYSIS = YES;
				CLANG_WARN_STRICT_PROTOTYPES = YES;
				CLANG_WARN_SUSPICIOUS_MOVE = YES;
				CLANG_WARN_UNGUARDED_AVAILABILITY = YES_AGGRESSIVE;
				CLANG_WARN_UNREACHABLE_CODE = YES;
				CLANG_WARN__DUPLICATE_METHOD_MATCH = YES;
				COPY_PHASE_STRIP = NO;
				DEBUG_INFORMATION_FORMAT = dwarf;
				ENABLE_STRICT_OBJC_MSGSEND = YES;
				ENABLE_TESTABILITY = YES;
				GCC_C_LANGUAGE_STANDARD = gnu11;
				GCC_DYNAMIC_NO_PIC = NO;
				GCC_NO_COMMON_BLOCKS = YES;
				GCC_OPTIMIZATION_LEVEL = 0;
				GCC_PREPROCESSOR_DEFINITIONS = (
					"DEBUG=1",
					"$(inherited)",
				);
				GCC_WARN_64_TO_32_BIT_CONVERSION = YES;
				GCC_WARN_ABOUT_RETURN_TYPE = YES_ERROR;
				GCC_WARN_UNDECLARED_SELECTOR = YES;
				GCC_WARN_UNINITIALIZED_AUTOS = YES_AGGRESSIVE;
				GCC_WARN_UNUSED_FUNCTION = YES;
				GCC_WARN_UNUSED_VARIABLE = YES;
				IPHONEOS_DEPLOYMENT_TARGET = 16.4;
				MTL_ENABLE_DEBUG_INFO = INCLUDE_SOURCE;
				MTL_FAST_MATH = YES;
				ONLY_ACTIVE_ARCH = YES;
				SDKROOT = iphoneos;
				SWIFT_ACTIVE_COMPILATION_CONDITIONS = DEBUG;
				SWIFT_OPTIMIZATION_LEVEL = "-Onone";
			};
			name = Debug;
		};
		1710D22A2A826E5800B59A41 /* Release */ = {
			isa = XCBuildConfiguration;
			buildSettings = {
				ALWAYS_SEARCH_USER_PATHS = NO;
				CLANG_ANALYZER_NONNULL = YES;
				CLANG_ANALYZER_NUMBER_OBJECT_CONVERSION = YES_AGGRESSIVE;
				CLANG_CXX_LANGUAGE_STANDARD = "gnu++20";
				CLANG_ENABLE_MODULES = YES;
				CLANG_ENABLE_OBJC_ARC = YES;
				CLANG_ENABLE_OBJC_WEAK = YES;
				CLANG_WARN_BLOCK_CAPTURE_AUTORELEASING = YES;
				CLANG_WARN_BOOL_CONVERSION = YES;
				CLANG_WARN_COMMA = YES;
				CLANG_WARN_CONSTANT_CONVERSION = YES;
				CLANG_WARN_DEPRECATED_OBJC_IMPLEMENTATIONS = YES;
				CLANG_WARN_DIRECT_OBJC_ISA_USAGE = YES_ERROR;
				CLANG_WARN_DOCUMENTATION_COMMENTS = YES;
				CLANG_WARN_EMPTY_BODY = YES;
				CLANG_WARN_ENUM_CONVERSION = YES;
				CLANG_WARN_INFINITE_RECURSION = YES;
				CLANG_WARN_INT_CONVERSION = YES;
				CLANG_WARN_NON_LITERAL_NULL_CONVERSION = YES;
				CLANG_WARN_OBJC_IMPLICIT_RETAIN_SELF = YES;
				CLANG_WARN_OBJC_LITERAL_CONVERSION = YES;
				CLANG_WARN_OBJC_ROOT_CLASS = YES_ERROR;
				CLANG_WARN_QUOTED_INCLUDE_IN_FRAMEWORK_HEADER = YES;
				CLANG_WARN_RANGE_LOOP_ANALYSIS = YES;
				CLANG_WARN_STRICT_PROTOTYPES = YES;
				CLANG_WARN_SUSPICIOUS_MOVE = YES;
				CLANG_WARN_UNGUARDED_AVAILABILITY = YES_AGGRESSIVE;
				CLANG_WARN_UNREACHABLE_CODE = YES;
				CLANG_WARN__DUPLICATE_METHOD_MATCH = YES;
				COPY_PHASE_STRIP = NO;
				DEBUG_INFORMATION_FORMAT = "dwarf-with-dsym";
				ENABLE_NS_ASSERTIONS = NO;
				ENABLE_STRICT_OBJC_MSGSEND = YES;
				GCC_C_LANGUAGE_STANDARD = gnu11;
				GCC_NO_COMMON_BLOCKS = YES;
				GCC_WARN_64_TO_32_BIT_CONVERSION = YES;
				GCC_WARN_ABOUT_RETURN_TYPE = YES_ERROR;
				GCC_WARN_UNDECLARED_SELECTOR = YES;
				GCC_WARN_UNINITIALIZED_AUTOS = YES_AGGRESSIVE;
				GCC_WARN_UNUSED_FUNCTION = YES;
				GCC_WARN_UNUSED_VARIABLE = YES;
				IPHONEOS_DEPLOYMENT_TARGET = 16.4;
				MTL_ENABLE_DEBUG_INFO = NO;
				MTL_FAST_MATH = YES;
				SDKROOT = iphoneos;
				SWIFT_COMPILATION_MODE = wholemodule;
				SWIFT_OPTIMIZATION_LEVEL = "-O";
				VALIDATE_PRODUCT = YES;
			};
			name = Release;
		};
		1710D22C2A826E5800B59A41 /* Debug */ = {
			isa = XCBuildConfiguration;
			buildSettings = {
				CODE_SIGN_STYLE = Automatic;
				DEVELOPMENT_TEAM = 49G6Q2K6NS;
				OTHER_LDFLAGS = "-ObjC";
				PRODUCT_NAME = "$(TARGET_NAME)";
				SKIP_INSTALL = YES;
				SWIFT_VERSION = 5.0;
				TARGETED_DEVICE_FAMILY = "1,2";
			};
			name = Debug;
		};
		1710D22D2A826E5800B59A41 /* Release */ = {
			isa = XCBuildConfiguration;
			buildSettings = {
				CODE_SIGN_STYLE = Automatic;
				DEVELOPMENT_TEAM = 49G6Q2K6NS;
				OTHER_LDFLAGS = "-ObjC";
				PRODUCT_NAME = "$(TARGET_NAME)";
				SKIP_INSTALL = YES;
				SWIFT_VERSION = 5.0;
				TARGETED_DEVICE_FAMILY = "1,2";
			};
			name = Release;
		};
		1710D23A2A83733100B59A41 /* Debug */ = {
			isa = XCBuildConfiguration;
			buildSettings = {
				CODE_SIGN_STYLE = Automatic;
				CURRENT_PROJECT_VERSION = 1;
				DEVELOPMENT_TEAM = 49G6Q2K6NS;
				GENERATE_INFOPLIST_FILE = YES;
				IPHONEOS_DEPLOYMENT_TARGET = 16.4;
				MACOSX_DEPLOYMENT_TARGET = 13.3;
				MARKETING_VERSION = 1.0;
				PRODUCT_BUNDLE_IDENTIFIER = com.elders.EldersDependencyKitTests;
				PRODUCT_NAME = "$(TARGET_NAME)";
				SDKROOT = auto;
				SUPPORTED_PLATFORMS = "iphoneos iphonesimulator macosx";
				SWIFT_EMIT_LOC_STRINGS = NO;
				SWIFT_VERSION = 5.0;
				TARGETED_DEVICE_FAMILY = "1,2";
			};
			name = Debug;
		};
		1710D23B2A83733100B59A41 /* Release */ = {
			isa = XCBuildConfiguration;
			buildSettings = {
				CODE_SIGN_STYLE = Automatic;
				CURRENT_PROJECT_VERSION = 1;
				DEVELOPMENT_TEAM = 49G6Q2K6NS;
				GENERATE_INFOPLIST_FILE = YES;
				IPHONEOS_DEPLOYMENT_TARGET = 16.4;
				MACOSX_DEPLOYMENT_TARGET = 13.3;
				MARKETING_VERSION = 1.0;
				PRODUCT_BUNDLE_IDENTIFIER = com.elders.EldersDependencyKitTests;
				PRODUCT_NAME = "$(TARGET_NAME)";
				SDKROOT = auto;
				SUPPORTED_PLATFORMS = "iphoneos iphonesimulator macosx";
				SWIFT_EMIT_LOC_STRINGS = NO;
				SWIFT_VERSION = 5.0;
				TARGETED_DEVICE_FAMILY = "1,2";
			};
			name = Release;
		};
/* End XCBuildConfiguration section */

/* Begin XCConfigurationList section */
		1710D21F2A826E5800B59A41 /* Build configuration list for PBXProject "EldersDependencyKit" */ = {
			isa = XCConfigurationList;
			buildConfigurations = (
				1710D2292A826E5800B59A41 /* Debug */,
				1710D22A2A826E5800B59A41 /* Release */,
			);
			defaultConfigurationIsVisible = 0;
			defaultConfigurationName = Release;
		};
		1710D22B2A826E5800B59A41 /* Build configuration list for PBXNativeTarget "EldersDependencyKit" */ = {
			isa = XCConfigurationList;
			buildConfigurations = (
				1710D22C2A826E5800B59A41 /* Debug */,
				1710D22D2A826E5800B59A41 /* Release */,
			);
			defaultConfigurationIsVisible = 0;
			defaultConfigurationName = Release;
		};
		1710D2392A83733100B59A41 /* Build configuration list for PBXNativeTarget "EldersDependencyKitTests" */ = {
			isa = XCConfigurationList;
			buildConfigurations = (
				1710D23A2A83733100B59A41 /* Debug */,
				1710D23B2A83733100B59A41 /* Release */,
			);
			defaultConfigurationIsVisible = 0;
			defaultConfigurationName = Release;
		};
/* End XCConfigurationList section */
	};
	rootObject = 1710D21C2A826E5800B59A41 /* Project object */;
}
